<?xml version="1.0" encoding="utf-8"?>
<Project ToolsVersion="17.0" xmlns="http://schemas.microsoft.com/developer/msbuild/2003">
  <ItemGroup>
    <CustomBuild Include="C:\repositories\custom-hobo\CMakeFiles\6471cb40aabcb66aa6a95770a7ecdef9\INSTALL_force.rule">
      <Filter>CMake Rules</Filter>
    </CustomBuild>
  </ItemGroup>
  <ItemGroup>
    <Filter Include="CMake Rules">
      <UniqueIdentifier>{BA9234DB-9C55-30BB-98F4-DE93AE84FF0B}</UniqueIdentifier>
    </Filter>
  </ItemGroup>
</Project>
